
Microsoft Visual Studio Solution File, Format Version 12.00
# Visual Studio Version 16
VisualStudioVersion = 16.0.31613.86
MinimumVisualStudioVersion = 10.0.40219.1
Project("{9A19103F-16F7-4668-BE54-9A1E7A4F7556}") = "webtestazurefunction.Common", "webtestazurefunction.Common\webtestazurefunction.Common.csproj", "{AA010502-AFE9-4341-B3E1-A6A47EB7CA61}"
EndProject
Project("{9A19103F-16F7-4668-BE54-9A1E7A4F7556}") = "webtestazurefunction.Functions", "webtestazurefunction.Functions\webtestazurefunction.Functions.csproj", "{AAC359B4-7E15-41A7-9F5B-FBA036DC2F04}"
EndProject
Project("{FAE04EC0-301F-11D3-BF4B-00C04F79EFBC}") = "webtestazurefunction.Tests", "webtestazurefunction.Tests\webtestazurefunction.Tests.csproj", "{41455753-20B2-43DB-B892-BDF5D9F74B87}"
EndProject
Global
	GlobalSection(SolutionConfigurationPlatforms) = preSolution
		Debug|Any CPU = Debug|Any CPU
		Release|Any CPU = Release|Any CPU
	EndGlobalSection
	GlobalSection(ProjectConfigurationPlatforms) = postSolution
		{AA010502-AFE9-4341-B3E1-A6A47EB7CA61}.Debug|Any CPU.ActiveCfg = Debug|Any CPU
		{AA010502-AFE9-4341-B3E1-A6A47EB7CA61}.Debug|Any CPU.Build.0 = Debug|Any CPU
		{AA010502-AFE9-4341-B3E1-A6A47EB7CA61}.Release|Any CPU.ActiveCfg = Release|Any CPU
		{AA010502-AFE9-4341-B3E1-A6A47EB7CA61}.Release|Any CPU.Build.0 = Release|Any CPU
		{AAC359B4-7E15-41A7-9F5B-FBA036DC2F04}.Debug|Any CPU.ActiveCfg = Debug|Any CPU
		{AAC359B4-7E15-41A7-9F5B-FBA036DC2F04}.Debug|Any CPU.Build.0 = Debug|Any CPU
		{AAC359B4-7E15-41A7-9F5B-FBA036DC2F04}.Release|Any CPU.ActiveCfg = Release|Any CPU
		{AAC359B4-7E15-41A7-9F5B-FBA036DC2F04}.Release|Any CPU.Build.0 = Release|Any CPU
		{41455753-20B2-43DB-B892-BDF5D9F74B87}.Debug|Any CPU.ActiveCfg = Debug|Any CPU
		{41455753-20B2-43DB-B892-BDF5D9F74B87}.Debug|Any CPU.Build.0 = Debug|Any CPU
		{41455753-20B2-43DB-B892-BDF5D9F74B87}.Release|Any CPU.ActiveCfg = Release|Any CPU
		{41455753-20B2-43DB-B892-BDF5D9F74B87}.Release|Any CPU.Build.0 = Release|Any CPU
	EndGlobalSection
	GlobalSection(SolutionProperties) = preSolution
		HideSolutionNode = FALSE
	EndGlobalSection
	GlobalSection(ExtensibilityGlobals) = postSolution
		SolutionGuid = {A5707401-AF34-4F4B-B57F-7E94B01A884C}
	EndGlobalSection
EndGlobal
